{
	"name": "boilerplate-root",
	"requires": true,
	"lockfileVersion": 1,
	"dependencies": {
		"@babel/runtime": {
			"version": "7.6.0",
			"resolved": "https://registry.npmjs.org/@babel/runtime/-/runtime-7.6.0.tgz",
			"integrity": "sha512-89eSBLJsxNxOERC0Op4vd+0Bqm6wRMqMbFtV3i0/fbaWw/mJ8Q3eBvgX0G4SyrOOLCtbu98HspF8o09MRT+KzQ==",
			"requires": {
				"regenerator-runtime": "^0.13.2"
			}
		},
		"@emotion/is-prop-valid": {
			"version": "0.7.3",
			"resolved": "https://registry.npmjs.org/@emotion/is-prop-valid/-/is-prop-valid-0.7.3.tgz",
			"integrity": "sha512-uxJqm/sqwXw3YPA5GXX365OBcJGFtxUVkB6WyezqFHlNe9jqUWH5ur2O2M8dGBz61kn1g3ZBlzUunFQXQIClhA==",
			"requires": {
				"@emotion/memoize": "0.7.1"
			}
		},
		"@emotion/memoize": {
			"version": "0.7.1",
			"resolved": "https://registry.npmjs.org/@emotion/memoize/-/memoize-0.7.1.tgz",
			"integrity": "sha512-Qv4LTqO11jepd5Qmlp3M1YEjBumoTHcHFdgPTQ+sFlIL5myi/7xu/POwP7IRu6odBdmLXdtIs1D6TuW6kbwbbg=="
		},
		"@types/history": {
			"version": "4.7.5",
			"resolved": "https://registry.npmjs.org/@types/history/-/history-4.7.5.tgz",
			"integrity": "sha512-wLD/Aq2VggCJXSjxEwrMafIP51Z+13H78nXIX0ABEuIGhmB5sNGbR113MOKo+yfw+RDo1ZU3DM6yfnnRF/+ouw==",
			"dev": true
		},
		"@types/prop-types": {
			"version": "15.7.3",
			"resolved": "https://registry.npmjs.org/@types/prop-types/-/prop-types-15.7.3.tgz",
			"integrity": "sha512-KfRL3PuHmqQLOG+2tGpRO26Ctg+Cq1E01D2DMriKEATHgWLfeNDmq9e29Q9WIky0dQ3NPkd1mzYH8Lm936Z9qw==",
			"dev": true
		},
		"@types/react": {
			"version": "16.9.32",
			"resolved": "https://registry.npmjs.org/@types/react/-/react-16.9.32.tgz",
			"integrity": "sha512-fmejdp0CTH00mOJmxUPPbWCEBWPvRIL4m8r0qD+BSDUqmutPyGQCHifzMpMzdvZwROdEdL78IuZItntFWgPXHQ==",
			"dev": true,
			"requires": {
				"@types/prop-types": "*",
				"csstype": "^2.2.0"
			}
		},
		"@types/react-router": {
			"version": "5.1.5",
			"resolved": "https://registry.npmjs.org/@types/react-router/-/react-router-5.1.5.tgz",
			"integrity": "sha512-RZPdCtZympi6X7EkGyaU7ISiAujDYTWgqMF9owE3P6efITw27IWQykcti0BvA5h4Mu1LLl5rxrpO3r8kHyUZ/Q==",
			"dev": true,
			"requires": {
				"@types/history": "*",
				"@types/react": "*"
			}
		},
		"css-jss": {
			"version": "10.1.1",
			"resolved": "https://registry.npmjs.org/css-jss/-/css-jss-10.1.1.tgz",
			"integrity": "sha512-HrSD06y4dCfZ6nHtG/SucJBG8tbt+lbyBsUbxfqujyycxPLLd/B9mRKW97B8Ua8VWK8LR4i9ur0P8szZEjoqzQ==",
			"requires": {
				"@babel/runtime": "^7.3.1",
				"jss": "10.1.1",
				"jss-preset-default": "10.1.1"
			}
		},
		"css-vendor": {
			"version": "2.0.7",
			"resolved": "https://registry.npmjs.org/css-vendor/-/css-vendor-2.0.7.tgz",
			"integrity": "sha512-VS9Rjt79+p7M0WkPqcAza4Yq1ZHrsHrwf7hPL/bjQB+c1lwmAI+1FXxYTYt818D/50fFVflw0XKleiBN5RITkg==",
			"requires": {
				"@babel/runtime": "^7.6.2",
				"is-in-browser": "^1.0.2"
			},
			"dependencies": {
				"@babel/runtime": {
					"version": "7.9.2",
					"resolved": "https://registry.npmjs.org/@babel/runtime/-/runtime-7.9.2.tgz",
					"integrity": "sha512-NE2DtOdufG7R5vnfQUTehdTfNycfUANEtCa9PssN9O/xmTzP4E08UI797ixaei6hBEVL9BI/PsdJS5x7mWoB9Q==",
					"requires": {
						"regenerator-runtime": "^0.13.4"
					}
				},
				"regenerator-runtime": {
					"version": "0.13.5",
					"resolved": "https://registry.npmjs.org/regenerator-runtime/-/regenerator-runtime-0.13.5.tgz",
					"integrity": "sha512-ZS5w8CpKFinUzOwW3c83oPeVXoNsrLsaCoLtJvAClH135j/R77RuymhiSErhm2lKcwSCIpmvIWSbDkIfAqKQlA=="
				}
			}
		},
		"csstype": {
			"version": "2.6.8",
			"resolved": "https://registry.npmjs.org/csstype/-/csstype-2.6.8.tgz",
			"integrity": "sha512-msVS9qTuMT5zwAGCVm4mxfrZ18BNc6Csd0oJAtiFMZ1FAx1CCvy2+5MDmYoix63LM/6NDbNtodCiGYGmFgO0dA=="
		},
		"dreamstate": {
			"version": "3.0.2-experimental.15",
			"resolved": "https://registry.npmjs.org/dreamstate/-/dreamstate-3.0.2-experimental.15.tgz",
			"integrity": "sha512-y+yB67vtpAHskoWx664R0xzDuMYibkL7vnAIOMn90Ss/Uw8XVWaEXq8mQTlMCe6B8PjY/Ob4n/jan/BtqMus5g==",
			"requires": {
				"hoist-non-react-statics": ">=3.0.0",
				"shallow-equal": ">=1.0.0",
				"tslib": "^1.12.0"
			}
		},
		"gud": {
			"version": "1.0.0",
			"resolved": "https://registry.npmjs.org/gud/-/gud-1.0.0.tgz",
			"integrity": "sha512-zGEOVKFM5sVPPrYs7J5/hYEw2Pof8KCyOwyhG8sAF26mCAeUFAcYPu1mwB7hhpIP29zOIBaDqwuHdLp0jvZXjw=="
		},
		"history": {
			"version": "4.10.1",
			"resolved": "https://registry.npmjs.org/history/-/history-4.10.1.tgz",
			"integrity": "sha512-36nwAD620w12kuzPAsyINPWJqlNbij+hpK1k9XRloDtym8mxzGYl2c17LnV6IAGB2Dmg4tEa7G7DlawS0+qjew==",
			"requires": {
				"@babel/runtime": "^7.1.2",
				"loose-envify": "^1.2.0",
				"resolve-pathname": "^3.0.0",
				"tiny-invariant": "^1.0.2",
				"tiny-warning": "^1.0.0",
				"value-equal": "^1.0.1"
			}
		},
		"hoist-non-react-statics": {
			"version": "3.3.0",
			"resolved": "https://registry.npmjs.org/hoist-non-react-statics/-/hoist-non-react-statics-3.3.0.tgz",
			"integrity": "sha512-0XsbTXxgiaCDYDIWFcwkmerZPSwywfUqYmwT4jzewKTQSWoE6FCMoUVOeBJWK3E/CrWbxRG3m5GzY4lnIwGRBA==",
			"requires": {
				"react-is": "^16.7.0"
			}
		},
		"hyphenate-style-name": {
			"version": "1.0.3",
			"resolved": "https://registry.npmjs.org/hyphenate-style-name/-/hyphenate-style-name-1.0.3.tgz",
			"integrity": "sha512-EcuixamT82oplpoJ2XU4pDtKGWQ7b00CD9f1ug9IaQ3p1bkHMiKCZ9ut9QDI6qsa6cpUuB+A/I+zLtdNK4n2DQ=="
		},
		"is-in-browser": {
			"version": "1.1.3",
			"resolved": "https://registry.npmjs.org/is-in-browser/-/is-in-browser-1.1.3.tgz",
			"integrity": "sha1-Vv9NtoOgeMYILrldrX3GLh0E+DU="
		},
		"isarray": {
			"version": "0.0.1",
			"resolved": "https://registry.npmjs.org/isarray/-/isarray-0.0.1.tgz",
			"integrity": "sha1-ihis/Kmo9Bd+Cav8YDiTmwXR7t8="
		},
		"js-tokens": {
			"version": "4.0.0",
			"resolved": "https://registry.npmjs.org/js-tokens/-/js-tokens-4.0.0.tgz",
			"integrity": "sha512-RdJUflcE3cUzKiMqQgsCu06FPu9UdIJO0beYbPhHN4k6apgJtifcoCtT9bcxOpYBtpD2kCM6Sbzg4CausW/PKQ=="
		},
		"jss": {
			"version": "10.1.1",
			"resolved": "https://registry.npmjs.org/jss/-/jss-10.1.1.tgz",
			"integrity": "sha512-Xz3qgRUFlxbWk1czCZibUJqhVPObrZHxY3FPsjCXhDld4NOj1BgM14Ir5hVm+Qr6OLqVljjGvoMcCdXNOAbdkQ==",
			"requires": {
				"@babel/runtime": "^7.3.1",
				"csstype": "^2.6.5",
				"is-in-browser": "^1.1.3",
				"tiny-warning": "^1.0.2"
			}
		},
		"jss-plugin-camel-case": {
			"version": "10.1.1",
			"resolved": "https://registry.npmjs.org/jss-plugin-camel-case/-/jss-plugin-camel-case-10.1.1.tgz",
			"integrity": "sha512-MDIaw8FeD5uFz1seQBKz4pnvDLnj5vIKV5hXSVdMaAVq13xR6SVTVWkIV/keyTs5txxTvzGJ9hXoxgd1WTUlBw==",
			"requires": {
				"@babel/runtime": "^7.3.1",
				"hyphenate-style-name": "^1.0.3",
				"jss": "10.1.1"
			}
		},
		"jss-plugin-compose": {
			"version": "10.1.1",
			"resolved": "https://registry.npmjs.org/jss-plugin-compose/-/jss-plugin-compose-10.1.1.tgz",
			"integrity": "sha512-0fD+YVGk0fVnsLiNf7CG4Lv7lYwmNyeE62Fbccx8k1mMdFoE7he0hpx37tudsfKW2ArCE+hf4fmJDXPW8l6LBw==",
			"requires": {
				"@babel/runtime": "^7.3.1",
				"jss": "10.1.1",
				"tiny-warning": "^1.0.2"
			}
		},
		"jss-plugin-default-unit": {
			"version": "10.1.1",
			"resolved": "https://registry.npmjs.org/jss-plugin-default-unit/-/jss-plugin-default-unit-10.1.1.tgz",
			"integrity": "sha512-UkeVCA/b3QEA4k0nIKS4uWXDCNmV73WLHdh2oDGZZc3GsQtlOCuiH3EkB/qI60v2MiCq356/SYWsDXt21yjwdg==",
			"requires": {
				"@babel/runtime": "^7.3.1",
				"jss": "10.1.1"
			}
		},
		"jss-plugin-expand": {
			"version": "10.1.1",
			"resolved": "https://registry.npmjs.org/jss-plugin-expand/-/jss-plugin-expand-10.1.1.tgz",
			"integrity": "sha512-ITO3RR4eTB3628B+gx8gLI7TKKE0TsFDBJ7BA648ZhXjHWQ5uxdC1bZld+++xnFL1l4kerj5tuWmZxS64C1Kcg==",
			"requires": {
				"@babel/runtime": "^7.3.1",
				"jss": "10.1.1"
			}
		},
		"jss-plugin-extend": {
			"version": "10.1.1",
			"resolved": "https://registry.npmjs.org/jss-plugin-extend/-/jss-plugin-extend-10.1.1.tgz",
			"integrity": "sha512-dZl0hNsndP9GJM6yqA7lZmnx6KJHo/13Zeo5B3i2uaDNO9jd5Y3pp1XHURGfbFG3K29XsYBQPTgfBwQ7e7+nyA==",
			"requires": {
				"@babel/runtime": "^7.3.1",
				"jss": "10.1.1",
				"tiny-warning": "^1.0.2"
			}
		},
		"jss-plugin-global": {
			"version": "10.1.1",
			"resolved": "https://registry.npmjs.org/jss-plugin-global/-/jss-plugin-global-10.1.1.tgz",
			"integrity": "sha512-VBG3wRyi3Z8S4kMhm8rZV6caYBegsk+QnQZSVmrWw6GVOT/Z4FA7eyMu5SdkorDlG/HVpHh91oFN56O4R9m2VA==",
			"requires": {
				"@babel/runtime": "^7.3.1",
				"jss": "10.1.1"
			}
		},
		"jss-plugin-nested": {
			"version": "10.1.1",
			"resolved": "https://registry.npmjs.org/jss-plugin-nested/-/jss-plugin-nested-10.1.1.tgz",
			"integrity": "sha512-ozEu7ZBSVrMYxSDplPX3H82XHNQk2DQEJ9TEyo7OVTPJ1hEieqjDFiOQOxXEj9z3PMqkylnUbvWIZRDKCFYw5Q==",
			"requires": {
				"@babel/runtime": "^7.3.1",
				"jss": "10.1.1",
				"tiny-warning": "^1.0.2"
			}
		},
		"jss-plugin-props-sort": {
			"version": "10.1.1",
			"resolved": "https://registry.npmjs.org/jss-plugin-props-sort/-/jss-plugin-props-sort-10.1.1.tgz",
			"integrity": "sha512-g/joK3eTDZB4pkqpZB38257yD4LXB0X15jxtZAGbUzcKAVUHPl9Jb47Y7lYmiGsShiV4YmQRqG1p2DHMYoK91g==",
			"requires": {
				"@babel/runtime": "^7.3.1",
				"jss": "10.1.1"
			}
		},
		"jss-plugin-rule-value-function": {
			"version": "10.1.1",
			"resolved": "https://registry.npmjs.org/jss-plugin-rule-value-function/-/jss-plugin-rule-value-function-10.1.1.tgz",
			"integrity": "sha512-ClV1lvJ3laU9la1CUzaDugEcwnpjPTuJ0yGy2YtcU+gG/w9HMInD5vEv7xKAz53Bk4WiJm5uLOElSEshHyhKNw==",
			"requires": {
				"@babel/runtime": "^7.3.1",
				"jss": "10.1.1"
			}
		},
		"jss-plugin-rule-value-observable": {
			"version": "10.1.1",
			"resolved": "https://registry.npmjs.org/jss-plugin-rule-value-observable/-/jss-plugin-rule-value-observable-10.1.1.tgz",
			"integrity": "sha512-l1zmLfS5Ks6CrthOIVTokHkDoI01ymnwNBlciN+IlaR4UsLEQBBL0+3BfQjOPvIYRAYXxYx3G7ebUHebr8mWyA==",
			"requires": {
				"@babel/runtime": "^7.3.1",
				"jss": "10.1.1",
				"symbol-observable": "^1.2.0"
			}
		},
		"jss-plugin-template": {
			"version": "10.1.1",
			"resolved": "https://registry.npmjs.org/jss-plugin-template/-/jss-plugin-template-10.1.1.tgz",
			"integrity": "sha512-CPhNapLDgj6gIJOi3vj/QPohF/1OHuLQj8ZjBYqrnzCDSfYV5s2Rzp1TicFGxUb07BRLh62ymU+MgH1hbKGSTQ==",
			"requires": {
				"@babel/runtime": "^7.3.1",
				"jss": "10.1.1",
				"tiny-warning": "^1.0.2"
			}
		},
		"jss-plugin-vendor-prefixer": {
			"version": "10.1.1",
			"resolved": "https://registry.npmjs.org/jss-plugin-vendor-prefixer/-/jss-plugin-vendor-prefixer-10.1.1.tgz",
			"integrity": "sha512-09MZpQ6onQrhaVSF6GHC4iYifQ7+4YC/tAP6D4ZWeZotvCMq1mHLqNKRIaqQ2lkgANjlEot2JnVi1ktu4+L4pw==",
			"requires": {
				"@babel/runtime": "^7.3.1",
				"css-vendor": "^2.0.7",
				"jss": "10.1.1"
			}
		},
		"jss-preset-default": {
			"version": "10.1.1",
			"resolved": "https://registry.npmjs.org/jss-preset-default/-/jss-preset-default-10.1.1.tgz",
			"integrity": "sha512-YwQp/BZ8IiBwxDTQ4uPAjzI2k2njrw6RJegAPvhCB1MTmWN2oR9Dhb5aN3RtepUf/agUkewTMwQqoS6PijgVMg==",
			"requires": {
				"@babel/runtime": "^7.3.1",
				"jss": "10.1.1",
				"jss-plugin-camel-case": "10.1.1",
				"jss-plugin-compose": "10.1.1",
				"jss-plugin-default-unit": "10.1.1",
				"jss-plugin-expand": "10.1.1",
				"jss-plugin-extend": "10.1.1",
				"jss-plugin-global": "10.1.1",
				"jss-plugin-nested": "10.1.1",
				"jss-plugin-props-sort": "10.1.1",
				"jss-plugin-rule-value-function": "10.1.1",
				"jss-plugin-rule-value-observable": "10.1.1",
				"jss-plugin-template": "10.1.1",
				"jss-plugin-vendor-prefixer": "10.1.1"
			}
		},
		"lit-element": {
			"version": "2.3.1",
			"resolved": "https://registry.npmjs.org/lit-element/-/lit-element-2.3.1.tgz",
			"integrity": "sha512-tOcUAmeO3BzwiQ7FGWdsshNvC0HVHcTFYw/TLIImmKwXYoV0E7zCBASa8IJ7DiP4cen/Yoj454gS0qqTnIGsFA==",
			"requires": {
				"lit-html": "^1.1.1"
			}
		},
		"lit-html": {
			"version": "1.2.1",
			"resolved": "https://registry.npmjs.org/lit-html/-/lit-html-1.2.1.tgz",
			"integrity": "sha512-GSJHHXMGLZDzTRq59IUfL9FCdAlGfqNp/dEa7k7aBaaWD+JKaCjsAk9KYm2V12ItonVaYx2dprN66Zdm1AuBTQ=="
		},
		"loose-envify": {
			"version": "1.4.0",
			"resolved": "https://registry.npmjs.org/loose-envify/-/loose-envify-1.4.0.tgz",
			"integrity": "sha512-lyuxPGr/Wfhrlem2CL/UcnUc1zcqKAImBDzukY7Y5F/yQiNdko6+fRLevlw1HgMySw7f611UIY408EtxRSoK3Q==",
			"requires": {
				"js-tokens": "^3.0.0 || ^4.0.0"
			}
		},
		"mini-create-react-context": {
			"version": "0.3.2",
			"resolved": "https://registry.npmjs.org/mini-create-react-context/-/mini-create-react-context-0.3.2.tgz",
			"integrity": "sha512-2v+OeetEyliMt5VHMXsBhABoJ0/M4RCe7fatd/fBy6SMiKazUSEt3gxxypfnk2SHMkdBYvorHRoQxuGoiwbzAw==",
			"requires": {
				"@babel/runtime": "^7.4.0",
				"gud": "^1.0.0",
				"tiny-warning": "^1.0.2"
			}
		},
		"object-assign": {
			"version": "4.1.1",
			"resolved": "https://registry.npmjs.org/object-assign/-/object-assign-4.1.1.tgz",
			"integrity": "sha1-IQmtx5ZYh8/AXLvUQsrIv7s2CGM="
		},
		"path-to-regexp": {
			"version": "1.8.0",
			"resolved": "https://registry.npmjs.org/path-to-regexp/-/path-to-regexp-1.8.0.tgz",
			"integrity": "sha512-n43JRhlUKUAlibEJhPeir1ncUID16QnEjNpwzNdO3Lm4ywrBpBZ5oLD0I6br9evr1Y9JTqwRtAh7JLoOzAQdVA==",
			"requires": {
				"isarray": "0.0.1"
			}
		},
		"prop-types": {
			"version": "15.7.2",
			"resolved": "https://registry.npmjs.org/prop-types/-/prop-types-15.7.2.tgz",
			"integrity": "sha512-8QQikdH7//R2vurIJSutZ1smHYTcLpRWEOlHnzcWHmBYrOGUysKwSsrC89BCiFj3CbrfJ/nXFdJepOVrY1GCHQ==",
			"requires": {
				"loose-envify": "^1.4.0",
				"object-assign": "^4.1.1",
				"react-is": "^16.8.1"
			}
		},
		"react-display-name": {
			"version": "0.2.5",
			"resolved": "https://registry.npmjs.org/react-display-name/-/react-display-name-0.2.5.tgz",
			"integrity": "sha512-I+vcaK9t4+kypiSgaiVWAipqHRXYmZIuAiS8vzFvXHHXVigg/sMKwlRgLy6LH2i3rmP+0Vzfl5lFsFRwF1r3pg=="
		},
		"react-is": {
			"version": "16.9.0",
			"resolved": "https://registry.npmjs.org/react-is/-/react-is-16.9.0.tgz",
			"integrity": "sha512-tJBzzzIgnnRfEm046qRcURvwQnZVXmuCbscxUO5RWrGTXpon2d4c8mI0D8WE6ydVIm29JiLB6+RslkIvym9Rjw=="
		},
		"react-jss": {
			"version": "10.1.1",
			"resolved": "https://registry.npmjs.org/react-jss/-/react-jss-10.1.1.tgz",
			"integrity": "sha512-GCSKkyj6/bDNNgK1KtaU1FbTAKJ7CQE83p34qKpCc4tVPRi1wCfopyKot1cW/YYJizqltc2MaKzGqFK5eZhBSQ==",
			"requires": {
				"@babel/runtime": "^7.3.1",
				"@emotion/is-prop-valid": "^0.7.3",
				"css-jss": "10.1.1",
				"hoist-non-react-statics": "^3.2.0",
				"is-in-browser": "^1.1.3",
				"jss": "10.1.1",
				"jss-preset-default": "10.1.1",
				"prop-types": "^15.6.0",
				"shallow-equal": "^1.2.0",
				"theming": "3.2.0",
				"tiny-warning": "^1.0.2"
			}
		},
		"react-router": {
			"version": "5.1.2",
			"resolved": "https://registry.npmjs.org/react-router/-/react-router-5.1.2.tgz",
			"integrity": "sha512-yjEuMFy1ONK246B+rsa0cUam5OeAQ8pyclRDgpxuSCrAlJ1qN9uZ5IgyKC7gQg0w8OM50NXHEegPh/ks9YuR2A==",
			"requires": {
				"@babel/runtime": "^7.1.2",
				"history": "^4.9.0",
				"hoist-non-react-statics": "^3.1.0",
				"loose-envify": "^1.3.1",
				"mini-create-react-context": "^0.3.0",
				"path-to-regexp": "^1.7.0",
				"prop-types": "^15.6.2",
				"react-is": "^16.6.0",
				"tiny-invariant": "^1.0.2",
				"tiny-warning": "^1.0.0"
			}
		},
		"regenerator-runtime": {
			"version": "0.13.3",
			"resolved": "https://registry.npmjs.org/regenerator-runtime/-/regenerator-runtime-0.13.3.tgz",
			"integrity": "sha512-naKIZz2GQ8JWh///G7L3X6LaQUAMp2lvb1rvwwsURe/VXwD6VMfr+/1NuNw3ag8v2kY1aQ/go5SNn79O9JU7yw=="
		},
		"resolve-pathname": {
			"version": "3.0.0",
			"resolved": "https://registry.npmjs.org/resolve-pathname/-/resolve-pathname-3.0.0.tgz",
			"integrity": "sha512-C7rARubxI8bXFNB/hqcp/4iUeIXJhJZvFPFPiSPRnhU5UPxzMFIl+2E6yY6c4k9giDJAhtV+enfA+G89N6Csng=="
		},
		"shallow-equal": {
			"version": "1.2.0",
			"resolved": "https://registry.npmjs.org/shallow-equal/-/shallow-equal-1.2.0.tgz",
			"integrity": "sha512-Z21pVxR4cXsfwpMKMhCEIO1PCi5sp7KEp+CmOpBQ+E8GpHwKOw2sEzk7sgblM3d/j4z4gakoWEoPcjK0VJQogA=="
		},
		"symbol-observable": {
			"version": "1.2.0",
			"resolved": "https://registry.npmjs.org/symbol-observable/-/symbol-observable-1.2.0.tgz",
			"integrity": "sha512-e900nM8RRtGhlV36KGEU9k65K3mPb1WV70OdjfxlG2EAuM1noi/E/BaW/uMhL7bPEssK8QV57vN3esixjUvcXQ=="
		},
		"theming": {
			"version": "3.2.0",
			"resolved": "https://registry.npmjs.org/theming/-/theming-3.2.0.tgz",
			"integrity": "sha512-n0fSNYXkX63rcFBBeAthy14IcgPZLHp0OGkGZheaj64j7cBoP7INLd6+7HIXqWVjFn1M5cYSiZ1nszi+jo/Szg==",
			"requires": {
				"hoist-non-react-statics": "^3.3.0",
				"prop-types": "^15.5.8",
				"react-display-name": "^0.2.4",
				"tiny-warning": "^1.0.2"
			}
		},
		"tiny-invariant": {
			"version": "1.0.6",
			"resolved": "https://registry.npmjs.org/tiny-invariant/-/tiny-invariant-1.0.6.tgz",
			"integrity": "sha512-FOyLWWVjG+aC0UqG76V53yAWdXfH8bO6FNmyZOuUrzDzK8DI3/JRY25UD7+g49JWM1LXwymsKERB+DzI0dTEQA=="
		},
		"tiny-warning": {
			"version": "1.0.3",
			"resolved": "https://registry.npmjs.org/tiny-warning/-/tiny-warning-1.0.3.tgz",
			"integrity": "sha512-lBN9zLN/oAf68o3zNXYrdCt1kP8WsiGW8Oo2ka41b2IM5JL/S1CTyX1rW0mb/zSuJun0ZUrDxx4sqvYS2FWzPA=="
		},
		"tslib": {
			"version": "1.13.0",
			"resolved": "https://registry.npmjs.org/tslib/-/tslib-1.13.0.tgz",
			"integrity": "sha512-i/6DQjL8Xf3be4K/E6Wgpekn5Qasl1usyw++dAA35Ue5orEn65VIxOA+YvNNl9HV3qv70T7CNwjODHZrLwvd1Q=="
		},
		"value-equal": {
			"version": "1.0.1",
			"resolved": "https://registry.npmjs.org/value-equal/-/value-equal-1.0.1.tgz",
			"integrity": "sha512-NOJ6JZCAWr0zlxZt+xqCHNTEKOsrks2HQd4MqhP1qy4z1SkbEP467eNx6TgDKXMvUOb+OENfJCZwM+16n7fRfw=="
		}
	}
}
