{
	"name": "boilerplate-root",
	"requires": true,
	"lockfileVersion": 1,
	"dependencies": {
		"@babel/runtime": {
			"version": "7.6.0",
			"resolved": "https://registry.npmjs.org/@babel/runtime/-/runtime-7.6.0.tgz",
			"integrity": "sha512-89eSBLJsxNxOERC0Op4vd+0Bqm6wRMqMbFtV3i0/fbaWw/mJ8Q3eBvgX0G4SyrOOLCtbu98HspF8o09MRT+KzQ==",
			"requires": {
				"regenerator-runtime": "^0.13.2"
			}
		},
		"@emotion/is-prop-valid": {
			"version": "0.7.3",
			"resolved": "https://registry.npmjs.org/@emotion/is-prop-valid/-/is-prop-valid-0.7.3.tgz",
			"integrity": "sha512-uxJqm/sqwXw3YPA5GXX365OBcJGFtxUVkB6WyezqFHlNe9jqUWH5ur2O2M8dGBz61kn1g3ZBlzUunFQXQIClhA==",
			"requires": {
				"@emotion/memoize": "0.7.1"
			}
		},
		"@emotion/memoize": {
			"version": "0.7.1",
			"resolved": "https://registry.npmjs.org/@emotion/memoize/-/memoize-0.7.1.tgz",
			"integrity": "sha512-Qv4LTqO11jepd5Qmlp3M1YEjBumoTHcHFdgPTQ+sFlIL5myi/7xu/POwP7IRu6odBdmLXdtIs1D6TuW6kbwbbg=="
		},
		"@types/history": {
			"version": "4.7.4",
			"resolved": "https://registry.npmjs.org/@types/history/-/history-4.7.4.tgz",
			"integrity": "sha512-+o2igcuZA3xtOoFH56s+MCZVidwlJNcJID57DSCyawS2i910yG9vkwehCjJNZ6ImhCR5S9DbvIJKyYHcMyOfMw==",
			"dev": true
		},
		"@types/prop-types": {
			"version": "15.7.3",
			"resolved": "https://registry.npmjs.org/@types/prop-types/-/prop-types-15.7.3.tgz",
			"integrity": "sha512-KfRL3PuHmqQLOG+2tGpRO26Ctg+Cq1E01D2DMriKEATHgWLfeNDmq9e29Q9WIky0dQ3NPkd1mzYH8Lm936Z9qw==",
			"dev": true
		},
		"@types/react": {
			"version": "16.9.19",
			"resolved": "https://registry.npmjs.org/@types/react/-/react-16.9.19.tgz",
			"integrity": "sha512-LJV97//H+zqKWMms0kvxaKYJDG05U2TtQB3chRLF8MPNs+MQh/H1aGlyDUxjaHvu08EAGerdX2z4LTBc7ns77A==",
			"dev": true,
			"requires": {
				"@types/prop-types": "*",
				"csstype": "^2.2.0"
			}
		},
		"@types/react-router": {
			"version": "5.1.4",
			"resolved": "https://registry.npmjs.org/@types/react-router/-/react-router-5.1.4.tgz",
			"integrity": "sha512-PZtnBuyfL07sqCJvGg3z+0+kt6fobc/xmle08jBiezLS8FrmGeiGkJnuxL/8Zgy9L83ypUhniV5atZn/L8n9MQ==",
			"dev": true,
			"requires": {
				"@types/history": "*",
				"@types/react": "*"
			}
		},
		"css-jss": {
			"version": "10.0.4",
			"resolved": "https://registry.npmjs.org/css-jss/-/css-jss-10.0.4.tgz",
			"integrity": "sha512-kShZzhbtSWSYrEALc78WMlaK95rACwp0POFOIg+vnFmk0uBlNmYWIPOMc/2Or41p+26ODz367p0qwKHSR4cRzg==",
			"requires": {
				"@babel/runtime": "^7.3.1",
				"jss": "10.0.4",
				"jss-preset-default": "10.0.4"
			}
		},
		"css-vendor": {
			"version": "2.0.7",
			"resolved": "https://registry.npmjs.org/css-vendor/-/css-vendor-2.0.7.tgz",
			"integrity": "sha512-VS9Rjt79+p7M0WkPqcAza4Yq1ZHrsHrwf7hPL/bjQB+c1lwmAI+1FXxYTYt818D/50fFVflw0XKleiBN5RITkg==",
			"requires": {
				"@babel/runtime": "^7.6.2",
				"is-in-browser": "^1.0.2"
			},
			"dependencies": {
				"@babel/runtime": {
					"version": "7.8.4",
					"resolved": "https://registry.npmjs.org/@babel/runtime/-/runtime-7.8.4.tgz",
					"integrity": "sha512-neAp3zt80trRVBI1x0azq6c57aNBqYZH8KhMm3TaB7wEI5Q4A2SHfBHE8w9gOhI/lrqxtEbXZgQIrHP+wvSGwQ==",
					"requires": {
						"regenerator-runtime": "^0.13.2"
					}
				}
			}
		},
		"csstype": {
			"version": "2.6.8",
			"resolved": "https://registry.npmjs.org/csstype/-/csstype-2.6.8.tgz",
			"integrity": "sha512-msVS9qTuMT5zwAGCVm4mxfrZ18BNc6Csd0oJAtiFMZ1FAx1CCvy2+5MDmYoix63LM/6NDbNtodCiGYGmFgO0dA=="
		},
		"dreamstate": {
			"version": "2.3.0",
			"resolved": "https://registry.npmjs.org/dreamstate/-/dreamstate-2.3.0.tgz",
			"integrity": "sha512-oGLWQvqDThWBV+YlUCs1vdP6Trkj1xTRUH88V4kpsdvKBM6zEoGV7w1cHg+4NrGwfx0fT7Cjo4USWygXdXmthw==",
			"requires": {
				"hoist-non-react-statics": "^3.3.1",
				"shallow-equal": "^1.2.1"
			},
			"dependencies": {
				"hoist-non-react-statics": {
					"version": "3.3.2",
					"resolved": "https://registry.npmjs.org/hoist-non-react-statics/-/hoist-non-react-statics-3.3.2.tgz",
					"integrity": "sha512-/gGivxi8JPKWNm/W0jSmzcMPpfpPLc3dY/6GxhX2hQ9iGj3aDfklV4ET7NjKpSinLpJ5vafa9iiGIEZg10SfBw==",
					"requires": {
						"react-is": "^16.7.0"
					}
				},
				"shallow-equal": {
					"version": "1.2.1",
					"resolved": "https://registry.npmjs.org/shallow-equal/-/shallow-equal-1.2.1.tgz",
					"integrity": "sha512-S4vJDjHHMBaiZuT9NPb616CSmLf618jawtv3sufLl6ivK8WocjAo58cXwbRV1cgqxH0Qbv+iUt6m05eqEa2IRA=="
				}
			}
		},
		"gud": {
			"version": "1.0.0",
			"resolved": "https://registry.npmjs.org/gud/-/gud-1.0.0.tgz",
			"integrity": "sha512-zGEOVKFM5sVPPrYs7J5/hYEw2Pof8KCyOwyhG8sAF26mCAeUFAcYPu1mwB7hhpIP29zOIBaDqwuHdLp0jvZXjw=="
		},
		"history": {
			"version": "4.10.1",
			"resolved": "https://registry.npmjs.org/history/-/history-4.10.1.tgz",
			"integrity": "sha512-36nwAD620w12kuzPAsyINPWJqlNbij+hpK1k9XRloDtym8mxzGYl2c17LnV6IAGB2Dmg4tEa7G7DlawS0+qjew==",
			"requires": {
				"@babel/runtime": "^7.1.2",
				"loose-envify": "^1.2.0",
				"resolve-pathname": "^3.0.0",
				"tiny-invariant": "^1.0.2",
				"tiny-warning": "^1.0.0",
				"value-equal": "^1.0.1"
			}
		},
		"hoist-non-react-statics": {
			"version": "3.3.0",
			"resolved": "https://registry.npmjs.org/hoist-non-react-statics/-/hoist-non-react-statics-3.3.0.tgz",
			"integrity": "sha512-0XsbTXxgiaCDYDIWFcwkmerZPSwywfUqYmwT4jzewKTQSWoE6FCMoUVOeBJWK3E/CrWbxRG3m5GzY4lnIwGRBA==",
			"requires": {
				"react-is": "^16.7.0"
			}
		},
		"hyphenate-style-name": {
			"version": "1.0.3",
			"resolved": "https://registry.npmjs.org/hyphenate-style-name/-/hyphenate-style-name-1.0.3.tgz",
			"integrity": "sha512-EcuixamT82oplpoJ2XU4pDtKGWQ7b00CD9f1ug9IaQ3p1bkHMiKCZ9ut9QDI6qsa6cpUuB+A/I+zLtdNK4n2DQ=="
		},
		"is-in-browser": {
			"version": "1.1.3",
			"resolved": "https://registry.npmjs.org/is-in-browser/-/is-in-browser-1.1.3.tgz",
			"integrity": "sha1-Vv9NtoOgeMYILrldrX3GLh0E+DU="
		},
		"isarray": {
			"version": "0.0.1",
			"resolved": "https://registry.npmjs.org/isarray/-/isarray-0.0.1.tgz",
			"integrity": "sha1-ihis/Kmo9Bd+Cav8YDiTmwXR7t8="
		},
		"js-tokens": {
			"version": "4.0.0",
			"resolved": "https://registry.npmjs.org/js-tokens/-/js-tokens-4.0.0.tgz",
			"integrity": "sha512-RdJUflcE3cUzKiMqQgsCu06FPu9UdIJO0beYbPhHN4k6apgJtifcoCtT9bcxOpYBtpD2kCM6Sbzg4CausW/PKQ=="
		},
		"jss": {
			"version": "10.0.4",
			"resolved": "https://registry.npmjs.org/jss/-/jss-10.0.4.tgz",
			"integrity": "sha512-GqHmeDK83qbqMAVjxyPfN1qJVTKZne533a9bdCrllZukUM8npG/k+JumEPI86IIB5ifaZAHG2HAsUziyxOiooQ==",
			"requires": {
				"@babel/runtime": "^7.3.1",
				"csstype": "^2.6.5",
				"is-in-browser": "^1.1.3",
				"tiny-warning": "^1.0.2"
			}
		},
		"jss-plugin-camel-case": {
			"version": "10.0.4",
			"resolved": "https://registry.npmjs.org/jss-plugin-camel-case/-/jss-plugin-camel-case-10.0.4.tgz",
			"integrity": "sha512-+wnqxJsyfUnOn0LxVg3GgZBSjfBCrjxwx7LFxwVTUih0ceGaXKZoieheNOaTo5EM4w8bt1nbb8XonpQCj67C6A==",
			"requires": {
				"@babel/runtime": "^7.3.1",
				"hyphenate-style-name": "^1.0.3",
				"jss": "10.0.4"
			}
		},
		"jss-plugin-compose": {
			"version": "10.0.4",
			"resolved": "https://registry.npmjs.org/jss-plugin-compose/-/jss-plugin-compose-10.0.4.tgz",
			"integrity": "sha512-MXdbWAByjbzXzc3cHhTHF9RRGlU8ysQlB6HgXE2tW5dXkXw8/hwapaEzdYowZbFp/2jS4kq07jcn/7w3wutBJw==",
			"requires": {
				"@babel/runtime": "^7.3.1",
				"jss": "10.0.4",
				"tiny-warning": "^1.0.2"
			}
		},
		"jss-plugin-default-unit": {
			"version": "10.0.4",
			"resolved": "https://registry.npmjs.org/jss-plugin-default-unit/-/jss-plugin-default-unit-10.0.4.tgz",
			"integrity": "sha512-T0mhL/Ogp/quvod/jAHEqKvptLDxq7Cj3a+7zRuqK8HxUYkftptN89wJElZC3rshhNKiogkEYhCWenpJdFvTBg==",
			"requires": {
				"@babel/runtime": "^7.3.1",
				"jss": "10.0.4"
			}
		},
		"jss-plugin-expand": {
			"version": "10.0.4",
			"resolved": "https://registry.npmjs.org/jss-plugin-expand/-/jss-plugin-expand-10.0.4.tgz",
			"integrity": "sha512-n5PxEnL0L5Xc3gOjOJrfBJas7Uu1t0NA/PZBWCK3mVn0RQAjiQtIPCwSe7IaNw34jRtKxffDnhQ/5U1h71xRFg==",
			"requires": {
				"@babel/runtime": "^7.3.1",
				"jss": "10.0.4"
			}
		},
		"jss-plugin-extend": {
			"version": "10.0.4",
			"resolved": "https://registry.npmjs.org/jss-plugin-extend/-/jss-plugin-extend-10.0.4.tgz",
			"integrity": "sha512-M3R9yPI+J0P62DCDFKPlj6Qg8TOXkIDwfHeQcRbbKQeu3HYblQPGJMzoxdwJqvoy36ydsLavwyFrwfx44e1oSg==",
			"requires": {
				"@babel/runtime": "^7.3.1",
				"jss": "10.0.4",
				"tiny-warning": "^1.0.2"
			}
		},
		"jss-plugin-global": {
			"version": "10.0.4",
			"resolved": "https://registry.npmjs.org/jss-plugin-global/-/jss-plugin-global-10.0.4.tgz",
			"integrity": "sha512-N8n9/GHENZce+sqE4UYiZiJtI+t+erT/BypHOrNYAfIoNEj7OYsOEKfIo2P0GpLB3QyDAYf5eo9XNdZ8veEkUA==",
			"requires": {
				"@babel/runtime": "^7.3.1",
				"jss": "10.0.4"
			}
		},
		"jss-plugin-nested": {
			"version": "10.0.4",
			"resolved": "https://registry.npmjs.org/jss-plugin-nested/-/jss-plugin-nested-10.0.4.tgz",
			"integrity": "sha512-QM21BKVt8LDeoRfowvAMh/s+/89VYrreIIE6ch4pvw0oAXDWw1iorUPlqLZ7uCO3UL0uFtQhJq3QMLN6Lr1v0A==",
			"requires": {
				"@babel/runtime": "^7.3.1",
				"jss": "10.0.4",
				"tiny-warning": "^1.0.2"
			}
		},
		"jss-plugin-props-sort": {
			"version": "10.0.4",
			"resolved": "https://registry.npmjs.org/jss-plugin-props-sort/-/jss-plugin-props-sort-10.0.4.tgz",
			"integrity": "sha512-WoETdOCjGskuin/OMt2uEdDPLZF3vfQuHXF+XUHGJrq0BAapoyGQDcv37SeReDlkRAbVXkEZPsIMvYrgHSHFiA==",
			"requires": {
				"@babel/runtime": "^7.3.1",
				"jss": "10.0.4"
			}
		},
		"jss-plugin-rule-value-function": {
			"version": "10.0.4",
			"resolved": "https://registry.npmjs.org/jss-plugin-rule-value-function/-/jss-plugin-rule-value-function-10.0.4.tgz",
			"integrity": "sha512-0hrzOSWRF5ABJGaHrlnHbYZjU877Ofzfh2id3uLtBvemGQLHI+ldoL8/+6iPSRa7M8z8Ngfg2vfYhKjUA5gA0g==",
			"requires": {
				"@babel/runtime": "^7.3.1",
				"jss": "10.0.4"
			}
		},
		"jss-plugin-rule-value-observable": {
			"version": "10.0.4",
			"resolved": "https://registry.npmjs.org/jss-plugin-rule-value-observable/-/jss-plugin-rule-value-observable-10.0.4.tgz",
			"integrity": "sha512-1XB8kUzL7yv8jgRrS2WjeVHYk0fCI5oIz3GizWGJaA9gK3wTVGR7YgDJ2CbCcwy1TxsOp1qYVKeRsom8sQGo5w==",
			"requires": {
				"@babel/runtime": "^7.3.1",
				"jss": "10.0.4",
				"symbol-observable": "^1.2.0"
			}
		},
		"jss-plugin-template": {
			"version": "10.0.4",
			"resolved": "https://registry.npmjs.org/jss-plugin-template/-/jss-plugin-template-10.0.4.tgz",
			"integrity": "sha512-ZVJgxZo4DT8omdK3liHrkUYVuip98evt+f7dHl7Tg1Ye3j4RmFQYO2LWjw8fHjo3aObFxY5muv8W901w/0BdbA==",
			"requires": {
				"@babel/runtime": "^7.3.1",
				"jss": "10.0.4",
				"tiny-warning": "^1.0.2"
			}
		},
		"jss-plugin-vendor-prefixer": {
			"version": "10.0.4",
			"resolved": "https://registry.npmjs.org/jss-plugin-vendor-prefixer/-/jss-plugin-vendor-prefixer-10.0.4.tgz",
			"integrity": "sha512-4JgEbcrdeMda1qvxTm1CnxFJAWVV++VLpP46HNTrfH7VhVlvUpihnUNs2gAlKuRT/XSBuiWeLAkrTqF4NVrPig==",
			"requires": {
				"@babel/runtime": "^7.3.1",
				"css-vendor": "^2.0.7",
				"jss": "10.0.4"
			}
		},
		"jss-preset-default": {
			"version": "10.0.4",
			"resolved": "https://registry.npmjs.org/jss-preset-default/-/jss-preset-default-10.0.4.tgz",
			"integrity": "sha512-XstC0o0JU5tgn25GUCT/QdF7QcWuYGyJ36D3+PtZvUQn2wnRhg7auvj11n2aj17xY7OLaY679V+C2CJCd72R0A==",
			"requires": {
				"@babel/runtime": "^7.3.1",
				"jss": "10.0.4",
				"jss-plugin-camel-case": "10.0.4",
				"jss-plugin-compose": "10.0.4",
				"jss-plugin-default-unit": "10.0.4",
				"jss-plugin-expand": "10.0.4",
				"jss-plugin-extend": "10.0.4",
				"jss-plugin-global": "10.0.4",
				"jss-plugin-nested": "10.0.4",
				"jss-plugin-props-sort": "10.0.4",
				"jss-plugin-rule-value-function": "10.0.4",
				"jss-plugin-rule-value-observable": "10.0.4",
				"jss-plugin-template": "10.0.4",
				"jss-plugin-vendor-prefixer": "10.0.4"
			}
		},
		"lit-element": {
			"version": "2.0.0",
			"resolved": "https://registry.npmjs.org/lit-element/-/lit-element-2.0.0.tgz",
			"integrity": "sha512-9Bo4ytRMEPa0CYMDayXUqxOcMu2u96eoUappCd2tklbzzLDVgQR4etEqnBtgHWdDZ4wCR52/a1ZZf42FxzAxOQ==",
			"requires": {
				"lit-html": "^1.0.0-rc.2"
			}
		},
		"lit-html": {
			"version": "1.1.2",
			"resolved": "https://registry.npmjs.org/lit-html/-/lit-html-1.1.2.tgz",
			"integrity": "sha512-FFlUMKHKi+qG1x1iHNZ1hrtc/zHmfYTyrSvs3/wBTvaNtpZjOZGWzU7efGYVpgp6KvWeKF6ql9/KsCq6Z/mEDA=="
		},
		"loose-envify": {
			"version": "1.4.0",
			"resolved": "https://registry.npmjs.org/loose-envify/-/loose-envify-1.4.0.tgz",
			"integrity": "sha512-lyuxPGr/Wfhrlem2CL/UcnUc1zcqKAImBDzukY7Y5F/yQiNdko6+fRLevlw1HgMySw7f611UIY408EtxRSoK3Q==",
			"requires": {
				"js-tokens": "^3.0.0 || ^4.0.0"
			}
		},
		"mini-create-react-context": {
			"version": "0.3.2",
			"resolved": "https://registry.npmjs.org/mini-create-react-context/-/mini-create-react-context-0.3.2.tgz",
			"integrity": "sha512-2v+OeetEyliMt5VHMXsBhABoJ0/M4RCe7fatd/fBy6SMiKazUSEt3gxxypfnk2SHMkdBYvorHRoQxuGoiwbzAw==",
			"requires": {
				"@babel/runtime": "^7.4.0",
				"gud": "^1.0.0",
				"tiny-warning": "^1.0.2"
			}
		},
		"object-assign": {
			"version": "4.1.1",
			"resolved": "https://registry.npmjs.org/object-assign/-/object-assign-4.1.1.tgz",
			"integrity": "sha1-IQmtx5ZYh8/AXLvUQsrIv7s2CGM="
		},
		"path-to-regexp": {
			"version": "1.7.0",
			"resolved": "https://registry.npmjs.org/path-to-regexp/-/path-to-regexp-1.7.0.tgz",
			"integrity": "sha1-Wf3g9DW62suhA6hOnTvGTpa5k30=",
			"requires": {
				"isarray": "0.0.1"
			}
		},
		"prop-types": {
			"version": "15.7.2",
			"resolved": "https://registry.npmjs.org/prop-types/-/prop-types-15.7.2.tgz",
			"integrity": "sha512-8QQikdH7//R2vurIJSutZ1smHYTcLpRWEOlHnzcWHmBYrOGUysKwSsrC89BCiFj3CbrfJ/nXFdJepOVrY1GCHQ==",
			"requires": {
				"loose-envify": "^1.4.0",
				"object-assign": "^4.1.1",
				"react-is": "^16.8.1"
			}
		},
		"react-display-name": {
			"version": "0.2.5",
			"resolved": "https://registry.npmjs.org/react-display-name/-/react-display-name-0.2.5.tgz",
			"integrity": "sha512-I+vcaK9t4+kypiSgaiVWAipqHRXYmZIuAiS8vzFvXHHXVigg/sMKwlRgLy6LH2i3rmP+0Vzfl5lFsFRwF1r3pg=="
		},
		"react-is": {
			"version": "16.9.0",
			"resolved": "https://registry.npmjs.org/react-is/-/react-is-16.9.0.tgz",
			"integrity": "sha512-tJBzzzIgnnRfEm046qRcURvwQnZVXmuCbscxUO5RWrGTXpon2d4c8mI0D8WE6ydVIm29JiLB6+RslkIvym9Rjw=="
		},
		"react-jss": {
			"version": "10.0.4",
			"resolved": "https://registry.npmjs.org/react-jss/-/react-jss-10.0.4.tgz",
			"integrity": "sha512-Kjida0ILKwuQUVzTo4fvohZFyFFMX8KCYkkYVELVFJfMCTz0KwfUyJVmzltvOxE/YyuF0YoHMz7sV8Ywx+Ws1Q==",
			"requires": {
				"@babel/runtime": "^7.3.1",
				"@emotion/is-prop-valid": "^0.7.3",
				"css-jss": "10.0.4",
				"hoist-non-react-statics": "^3.2.0",
				"is-in-browser": "^1.1.3",
				"jss": "10.0.4",
				"jss-preset-default": "10.0.4",
				"prop-types": "^15.6.0",
				"shallow-equal": "^1.2.0",
				"theming": "3.2.0",
				"tiny-warning": "^1.0.2"
			}
		},
		"react-router": {
			"version": "5.1.2",
			"resolved": "https://registry.npmjs.org/react-router/-/react-router-5.1.2.tgz",
			"integrity": "sha512-yjEuMFy1ONK246B+rsa0cUam5OeAQ8pyclRDgpxuSCrAlJ1qN9uZ5IgyKC7gQg0w8OM50NXHEegPh/ks9YuR2A==",
			"requires": {
				"@babel/runtime": "^7.1.2",
				"history": "^4.9.0",
				"hoist-non-react-statics": "^3.1.0",
				"loose-envify": "^1.3.1",
				"mini-create-react-context": "^0.3.0",
				"path-to-regexp": "^1.7.0",
				"prop-types": "^15.6.2",
				"react-is": "^16.6.0",
				"tiny-invariant": "^1.0.2",
				"tiny-warning": "^1.0.0"
			}
		},
		"regenerator-runtime": {
			"version": "0.13.3",
			"resolved": "https://registry.npmjs.org/regenerator-runtime/-/regenerator-runtime-0.13.3.tgz",
			"integrity": "sha512-naKIZz2GQ8JWh///G7L3X6LaQUAMp2lvb1rvwwsURe/VXwD6VMfr+/1NuNw3ag8v2kY1aQ/go5SNn79O9JU7yw=="
		},
		"resolve-pathname": {
			"version": "3.0.0",
			"resolved": "https://registry.npmjs.org/resolve-pathname/-/resolve-pathname-3.0.0.tgz",
			"integrity": "sha512-C7rARubxI8bXFNB/hqcp/4iUeIXJhJZvFPFPiSPRnhU5UPxzMFIl+2E6yY6c4k9giDJAhtV+enfA+G89N6Csng=="
		},
		"shallow-equal": {
			"version": "1.2.0",
			"resolved": "https://registry.npmjs.org/shallow-equal/-/shallow-equal-1.2.0.tgz",
			"integrity": "sha512-Z21pVxR4cXsfwpMKMhCEIO1PCi5sp7KEp+CmOpBQ+E8GpHwKOw2sEzk7sgblM3d/j4z4gakoWEoPcjK0VJQogA=="
		},
		"symbol-observable": {
			"version": "1.2.0",
			"resolved": "https://registry.npmjs.org/symbol-observable/-/symbol-observable-1.2.0.tgz",
			"integrity": "sha512-e900nM8RRtGhlV36KGEU9k65K3mPb1WV70OdjfxlG2EAuM1noi/E/BaW/uMhL7bPEssK8QV57vN3esixjUvcXQ=="
		},
		"theming": {
			"version": "3.2.0",
			"resolved": "https://registry.npmjs.org/theming/-/theming-3.2.0.tgz",
			"integrity": "sha512-n0fSNYXkX63rcFBBeAthy14IcgPZLHp0OGkGZheaj64j7cBoP7INLd6+7HIXqWVjFn1M5cYSiZ1nszi+jo/Szg==",
			"requires": {
				"hoist-non-react-statics": "^3.3.0",
				"prop-types": "^15.5.8",
				"react-display-name": "^0.2.4",
				"tiny-warning": "^1.0.2"
			}
		},
		"tiny-invariant": {
			"version": "1.0.6",
			"resolved": "https://registry.npmjs.org/tiny-invariant/-/tiny-invariant-1.0.6.tgz",
			"integrity": "sha512-FOyLWWVjG+aC0UqG76V53yAWdXfH8bO6FNmyZOuUrzDzK8DI3/JRY25UD7+g49JWM1LXwymsKERB+DzI0dTEQA=="
		},
		"tiny-warning": {
			"version": "1.0.3",
			"resolved": "https://registry.npmjs.org/tiny-warning/-/tiny-warning-1.0.3.tgz",
			"integrity": "sha512-lBN9zLN/oAf68o3zNXYrdCt1kP8WsiGW8Oo2ka41b2IM5JL/S1CTyX1rW0mb/zSuJun0ZUrDxx4sqvYS2FWzPA=="
		},
		"value-equal": {
			"version": "1.0.1",
			"resolved": "https://registry.npmjs.org/value-equal/-/value-equal-1.0.1.tgz",
			"integrity": "sha512-NOJ6JZCAWr0zlxZt+xqCHNTEKOsrks2HQd4MqhP1qy4z1SkbEP467eNx6TgDKXMvUOb+OENfJCZwM+16n7fRfw=="
		}
	}
}
